
Microsoft Visual Studio Solution File, Format Version 12.00
# Visual Studio 15
VisualStudioVersion = 15.0.27703.2047
MinimumVisualStudioVersion = 10.0.40219.1
Project("{FAE04EC0-301F-11D3-BF4B-00C04F79EFBC}") = "kgtwebClient", "kgtwebClient\kgtwebClient.csproj", "{C36557A3-9157-48AC-A04E-F0DC589FB5D9}"
EndProject
Project("{FAE04EC0-301F-11D3-BF4B-00C04F79EFBC}") = "kgtwebClient.Tests", "kgtwebClient.Tests\kgtwebClient.Tests.csproj", "{3E9C636E-8D80-4CC4-8F14-4E07E48B0945}"
EndProject
Global
	GlobalSection(SolutionConfigurationPlatforms) = preSolution
		Debug|Any CPU = Debug|Any CPU
		Release|Any CPU = Release|Any CPU
	EndGlobalSection
	GlobalSection(ProjectConfigurationPlatforms) = postSolution
		{C36557A3-9157-48AC-A04E-F0DC589FB5D9}.Debug|Any CPU.ActiveCfg = Debug|Any CPU
		{C36557A3-9157-48AC-A04E-F0DC589FB5D9}.Debug|Any CPU.Build.0 = Debug|Any CPU
		{C36557A3-9157-48AC-A04E-F0DC589FB5D9}.Release|Any CPU.ActiveCfg = Release|Any CPU
		{C36557A3-9157-48AC-A04E-F0DC589FB5D9}.Release|Any CPU.Build.0 = Release|Any CPU
		{3E9C636E-8D80-4CC4-8F14-4E07E48B0945}.Debug|Any CPU.ActiveCfg = Debug|Any CPU
		{3E9C636E-8D80-4CC4-8F14-4E07E48B0945}.Debug|Any CPU.Build.0 = Debug|Any CPU
		{3E9C636E-8D80-4CC4-8F14-4E07E48B0945}.Release|Any CPU.ActiveCfg = Release|Any CPU
		{3E9C636E-8D80-4CC4-8F14-4E07E48B0945}.Release|Any CPU.Build.0 = Release|Any CPU
	EndGlobalSection
	GlobalSection(SolutionProperties) = preSolution
		HideSolutionNode = FALSE
	EndGlobalSection
	GlobalSection(ExtensibilityGlobals) = postSolution
		SolutionGuid = {54649508-ADAB-4AD9-BB9E-03E8F20C5F8C}
	EndGlobalSection
EndGlobal
